{
  "version": 4,
  "terraform_version": "1.5.5",
  "serial": 51,
  "lineage": "73a42602-ef02-d2d2-0baf-3ec3a8866969",
  "outputs": {
    "ecr_repository_url": {
      "value": "282095691823.dkr.ecr.ap-southeast-2.amazonaws.com/ai-content-detector-terraform",
      "type": "string"
    }
  },
  "resources": [
    {
      "mode": "data",
      "type": "aws_caller_identity",
      "name": "current",
      "provider": "provider[\"registry.terraform.io/hashicorp/aws\"]",
      "instances": [
        {
          "schema_version": 0,
          "attributes": {
            "account_id": "282095691823",
            "arn": "arn:aws:iam::282095691823:user/Admin",
            "id": "282095691823",
            "user_id": "AIDAUDLRWVAXX3VOFFA7T"
          },
          "sensitive_attributes": []
        }
      ]
    },
    {
      "module": "module.ml-pipeline",
      "mode": "data",
      "type": "archive_file",
      "name": "lambda_zip",
      "provider": "provider[\"registry.terraform.io/hashicorp/archive\"]",
      "instances": [
        {
          "schema_version": 0,
          "attributes": {
            "exclude_symlink_directories": null,
            "excludes": null,
            "id": "ecd7abac0e9da8628b791713c9eebc191ac2bf5d",
            "output_base64sha256": "3kVmvm3HZi882cw6Y1FXcHjtWSfO+d09Z7LkqEqTuo4=",
            "output_base64sha512": "UBcQ5OwhixVGtm2ISOT9BO47US4cOVOi8TqZ8axPlw55zb41mpM+6dKQIytAGCP+HAnk6S0fGFtzZLuyTeyUUQ==",
            "output_file_mode": null,
            "output_md5": "e51b2b5d23a05c89217c25b4e302a783",
            "output_path": "../../lambda_function.zip",
            "output_sha": "ecd7abac0e9da8628b791713c9eebc191ac2bf5d",
            "output_sha256": "de4566be6dc7662f3cd9cc3a6351577078ed5927cef9dd3d67b2e4a84a93ba8e",
            "output_sha512": "501710e4ec218b1546b66d8848e4fd04ee3b512e1c3953a2f13a99f1ac4f970e79cdbe359a933ee9d290232b401823fe1c09e4e92d1f185b7364bbb24dec9451",
            "output_size": 300,
            "source": [],
            "source_content": null,
            "source_content_filename": null,
            "source_dir": "../../lambda_function/",
            "source_file": null,
            "type": "zip"
          },
          "sensitive_attributes": []
        }
      ]
    },
    {
      "module": "module.ml-pipeline",
      "mode": "data",
      "type": "aws_caller_identity",
      "name": "current",
      "provider": "provider[\"registry.terraform.io/hashicorp/aws\"]",
      "instances": [
        {
          "schema_version": 0,
          "attributes": {
            "account_id": "282095691823",
            "arn": "arn:aws:iam::282095691823:user/Admin",
            "id": "282095691823",
            "user_id": "AIDAUDLRWVAXX3VOFFA7T"
          },
          "sensitive_attributes": []
        }
      ]
    },
    {
      "module": "module.ml-pipeline",
      "mode": "data",
      "type": "aws_iam_policy_document",
      "name": "lambda_invoke",
      "provider": "provider[\"registry.terraform.io/hashicorp/aws\"]",
      "instances": [
        {
          "schema_version": 0,
          "attributes": {
            "id": "1275854621",
            "json": "{\n  \"Version\": \"2012-10-17\",\n  \"Statement\": [\n    {\n      \"Effect\": \"Allow\",\n      \"Action\": \"lambda:InvokeFunction\",\n      \"Resource\": \"arn:aws:lambda:ap-southeast-2:282095691823:function:config-ai-content-detector-terraform\"\n    }\n  ]\n}",
            "override_policy_documents": null,
            "policy_id": null,
            "source_policy_documents": null,
            "statement": [
              {
                "actions": [
                  "lambda:InvokeFunction"
                ],
                "condition": [],
                "effect": "Allow",
                "not_actions": [],
                "not_principals": [],
                "not_resources": [],
                "principals": [],
                "resources": [
                  "arn:aws:lambda:ap-southeast-2:282095691823:function:config-ai-content-detector-terraform"
                ],
                "sid": ""
              }
            ],
            "version": "2012-10-17"
          },
          "sensitive_attributes": []
        }
      ]
    },
    {
      "module": "module.ml-pipeline",
      "mode": "data",
      "type": "aws_iam_policy_document",
      "name": "sagemaker_assume_role",
      "provider": "provider[\"registry.terraform.io/hashicorp/aws\"]",
      "instances": [
        {
          "schema_version": 0,
          "attributes": {
            "id": "1147345228",
            "json": "{\n  \"Version\": \"2012-10-17\",\n  \"Statement\": [\n    {\n      \"Effect\": \"Allow\",\n      \"Action\": \"sts:AssumeRole\",\n      \"Principal\": {\n        \"Service\": \"sagemaker.amazonaws.com\"\n      }\n    }\n  ]\n}",
            "override_policy_documents": null,
            "policy_id": null,
            "source_policy_documents": null,
            "statement": [
              {
                "actions": [
                  "sts:AssumeRole"
                ],
                "condition": [],
                "effect": "Allow",
                "not_actions": [],
                "not_principals": [],
                "not_resources": [],
                "principals": [
                  {
                    "identifiers": [
                      "sagemaker.amazonaws.com"
                    ],
                    "type": "Service"
                  }
                ],
                "resources": [],
                "sid": ""
              }
            ],
            "version": "2012-10-17"
          },
          "sensitive_attributes": []
        }
      ]
    },
    {
      "module": "module.ml-pipeline",
      "mode": "data",
      "type": "aws_iam_policy_document",
      "name": "sf_assume_role",
      "provider": "provider[\"registry.terraform.io/hashicorp/aws\"]",
      "instances": [
        {
          "schema_version": 0,
          "attributes": {
            "id": "2465959380",
            "json": "{\n  \"Version\": \"2012-10-17\",\n  \"Statement\": [\n    {\n      \"Effect\": \"Allow\",\n      \"Action\": \"sts:AssumeRole\",\n      \"Principal\": {\n        \"Service\": \"states.ap-southeast-2.amazonaws.com\"\n      }\n    },\n    {\n      \"Effect\": \"Allow\",\n      \"Action\": \"sts:AssumeRole\",\n      \"Principal\": {\n        \"Service\": \"events.amazonaws.com\"\n      }\n    }\n  ]\n}",
            "override_policy_documents": null,
            "policy_id": null,
            "source_policy_documents": null,
            "statement": [
              {
                "actions": [
                  "sts:AssumeRole"
                ],
                "condition": [],
                "effect": "Allow",
                "not_actions": [],
                "not_principals": [],
                "not_resources": [],
                "principals": [
                  {
                    "identifiers": [
                      "states.ap-southeast-2.amazonaws.com"
                    ],
                    "type": "Service"
                  }
                ],
                "resources": [],
                "sid": ""
              },
              {
                "actions": [
                  "sts:AssumeRole"
                ],
                "condition": [],
                "effect": "Allow",
                "not_actions": [],
                "not_principals": [],
                "not_resources": [],
                "principals": [
                  {
                    "identifiers": [
                      "events.amazonaws.com"
                    ],
                    "type": "Service"
                  }
                ],
                "resources": [],
                "sid": ""
              }
            ],
            "version": "2012-10-17"
          },
          "sensitive_attributes": []
        }
      ]
    },
    {
      "module": "module.ml-pipeline",
      "mode": "data",
      "type": "aws_region",
      "name": "current",
      "provider": "provider[\"registry.terraform.io/hashicorp/aws\"]",
      "instances": [
        {
          "schema_version": 0,
          "attributes": {
            "description": "Asia Pacific (Sydney)",
            "endpoint": "ec2.ap-southeast-2.amazonaws.com",
            "id": "ap-southeast-2",
            "name": "ap-southeast-2"
          },
          "sensitive_attributes": []
        }
      ]
    },
    {
      "module": "module.ml-pipeline",
      "mode": "managed",
      "type": "aws_ecr_repository",
      "name": "ecr_repository",
      "provider": "provider[\"registry.terraform.io/hashicorp/aws\"]",
      "instances": [
        {
          "schema_version": 0,
          "attributes": {
            "arn": "arn:aws:ecr:ap-southeast-2:282095691823:repository/ai-content-detector-terraform",
            "encryption_configuration": [
              {
                "encryption_type": "AES256",
                "kms_key": ""
              }
            ],
            "force_delete": null,
            "id": "ai-content-detector-terraform",
            "image_scanning_configuration": [
              {
                "scan_on_push": false
              }
            ],
            "image_tag_mutability": "MUTABLE",
            "name": "ai-content-detector-terraform",
            "registry_id": "282095691823",
            "repository_url": "282095691823.dkr.ecr.ap-southeast-2.amazonaws.com/ai-content-detector-terraform",
            "tags": {},
            "tags_all": {},
            "timeouts": null
          },
          "sensitive_attributes": [],
          "private": "eyJlMmJmYjczMC1lY2FhLTExZTYtOGY4OC0zNDM2M2JjN2M0YzAiOnsiZGVsZXRlIjoxMjAwMDAwMDAwMDAwfX0="
        }
      ]
    },
    {
      "module": "module.ml-pipeline",
      "mode": "managed",
      "type": "aws_iam_policy",
      "name": "lambda_invoke",
      "provider": "provider[\"registry.terraform.io/hashicorp/aws\"]",
      "instances": [
        {
          "schema_version": 0,
          "attributes": {
            "arn": "arn:aws:iam::282095691823:policy/ai-content-detector-terraform-lambda-invoke",
            "description": "",
            "id": "arn:aws:iam::282095691823:policy/ai-content-detector-terraform-lambda-invoke",
            "name": "ai-content-detector-terraform-lambda-invoke",
            "name_prefix": "",
            "path": "/",
            "policy": "{\"Statement\":[{\"Action\":\"lambda:InvokeFunction\",\"Effect\":\"Allow\",\"Resource\":\"arn:aws:lambda:ap-southeast-2:282095691823:function:config-ai-content-detector-terraform\"}],\"Version\":\"2012-10-17\"}",
            "policy_id": "ANPAUDLRWVAXSTIDHUHFU",
            "tags": {},
            "tags_all": {}
          },
          "sensitive_attributes": [],
          "private": "bnVsbA==",
          "dependencies": [
            "module.ml-pipeline.aws_iam_role.lambda-role",
            "module.ml-pipeline.aws_lambda_function.lambda_function",
            "module.ml-pipeline.data.archive_file.lambda_zip",
            "module.ml-pipeline.data.aws_iam_policy_document.lambda_invoke"
          ]
        }
      ]
    },
    {
      "module": "module.ml-pipeline",
      "mode": "managed",
      "type": "aws_iam_policy",
      "name": "sagemaker_policy",
      "provider": "provider[\"registry.terraform.io/hashicorp/aws\"]",
      "instances": [
        {
          "schema_version": 0,
          "attributes": {
            "arn": "arn:aws:iam::282095691823:policy/ai-content-detector-terraform-sagemaker",
            "description": "",
            "id": "arn:aws:iam::282095691823:policy/ai-content-detector-terraform-sagemaker",
            "name": "ai-content-detector-terraform-sagemaker",
            "name_prefix": "",
            "path": "/",
            "policy": "{\"Statement\":[{\"Action\":[\"sagemaker:CreateTrainingJob\",\"sagemaker:DescribeTrainingJob\",\"sagemaker:StopTrainingJob\",\"sagemaker:createModel\",\"sagemaker:createEndpointConfig\",\"sagemaker:createEndpoint\",\"sagemaker:addTags\"],\"Effect\":\"Allow\",\"Resource\":[\"*\"]},{\"Action\":[\"sagemaker:ListTags\"],\"Effect\":\"Allow\",\"Resource\":[\"*\"]},{\"Action\":[\"iam:PassRole\"],\"Condition\":{\"StringEquals\":{\"iam:PassedToService\":\"sagemaker.amazonaws.com\"}},\"Effect\":\"Allow\",\"Resource\":[\"*\"]},{\"Action\":[\"events:PutTargets\",\"events:PutRule\",\"events:DescribeRule\"],\"Effect\":\"Allow\",\"Resource\":[\"*\"]}],\"Version\":\"2012-10-17\"}",
            "policy_id": "ANPAUDLRWVAXZF7QLOPAT",
            "tags": {},
            "tags_all": {}
          },
          "sensitive_attributes": [],
          "private": "bnVsbA=="
        }
      ]
    },
    {
      "module": "module.ml-pipeline",
      "mode": "managed",
      "type": "aws_iam_policy",
      "name": "sagemaker_s3_policy",
      "provider": "provider[\"registry.terraform.io/hashicorp/aws\"]",
      "instances": [
        {
          "schema_version": 0,
          "attributes": {
            "arn": "arn:aws:iam::282095691823:policy/ai-content-detector-terraform-sagemaker-s3-policy",
            "description": "",
            "id": "arn:aws:iam::282095691823:policy/ai-content-detector-terraform-sagemaker-s3-policy",
            "name": "ai-content-detector-terraform-sagemaker-s3-policy",
            "name_prefix": "",
            "path": "/",
            "policy": "{\"Statement\":[{\"Action\":[\"s3:*\"],\"Effect\":\"Allow\",\"Resource\":[\"arn:aws:s3:::ai-content-detector-terraform-training-data-282095691823\",\"arn:aws:s3:::ai-content-detector-terraform-output-models-282095691823\",\"arn:aws:s3:::ai-content-detector-terraform-training-data-282095691823/*\",\"arn:aws:s3:::ai-content-detector-terraform-output-models-282095691823/*\"]}],\"Version\":\"2012-10-17\"}",
            "policy_id": "ANPAUDLRWVAX5DNOQ45WT",
            "tags": {},
            "tags_all": {}
          },
          "sensitive_attributes": [],
          "private": "bnVsbA==",
          "dependencies": [
            "data.aws_caller_identity.current",
            "module.ml-pipeline.aws_s3_bucket.bucket_output_models",
            "module.ml-pipeline.aws_s3_bucket.bucket_training_data"
          ]
        }
      ]
    },
    {
      "module": "module.ml-pipeline",
      "mode": "managed",
      "type": "aws_iam_role",
      "name": "lambda-role",
      "provider": "provider[\"registry.terraform.io/hashicorp/aws\"]",
      "instances": [
        {
          "schema_version": 0,
          "attributes": {
            "arn": "arn:aws:iam::282095691823:role/config-ai-content-detector-terraform-role",
            "assume_role_policy": "{\"Statement\":[{\"Action\":\"sts:AssumeRole\",\"Effect\":\"Allow\",\"Principal\":{\"Service\":[\"lambda.amazonaws.com\"]}}],\"Version\":\"2012-10-17\"}",
            "create_date": "2023-08-15T10:11:24Z",
            "description": "config-ai-content-detector-terraform-permissions",
            "force_detach_policies": false,
            "id": "config-ai-content-detector-terraform-role",
            "inline_policy": [],
            "managed_policy_arns": [],
            "max_session_duration": 3600,
            "name": "config-ai-content-detector-terraform-role",
            "name_prefix": "",
            "path": "/",
            "permissions_boundary": null,
            "tags": {},
            "tags_all": {},
            "unique_id": "AROAUDLRWVAXQ4OFSS6P4"
          },
          "sensitive_attributes": [],
          "private": "bnVsbA=="
        }
      ]
    },
    {
      "module": "module.ml-pipeline",
      "mode": "managed",
      "type": "aws_iam_role",
      "name": "sagemaker_exec_role",
      "provider": "provider[\"registry.terraform.io/hashicorp/aws\"]",
      "instances": [
        {
          "schema_version": 0,
          "attributes": {
            "arn": "arn:aws:iam::282095691823:role/ai-content-detector-terraform-sagemaker-exec",
            "assume_role_policy": "{\"Statement\":[{\"Action\":\"sts:AssumeRole\",\"Effect\":\"Allow\",\"Principal\":{\"Service\":\"sagemaker.amazonaws.com\"}}],\"Version\":\"2012-10-17\"}",
            "create_date": "2023-08-15T10:11:24Z",
            "description": "",
            "force_detach_policies": false,
            "id": "ai-content-detector-terraform-sagemaker-exec",
            "inline_policy": [],
            "managed_policy_arns": [
              "arn:aws:iam::282095691823:policy/ai-content-detector-terraform-sagemaker-s3-policy",
              "arn:aws:iam::aws:policy/AmazonSageMakerFullAccess"
            ],
            "max_session_duration": 3600,
            "name": "ai-content-detector-terraform-sagemaker-exec",
            "name_prefix": "",
            "path": "/",
            "permissions_boundary": null,
            "tags": {},
            "tags_all": {},
            "unique_id": "AROAUDLRWVAXREIZ2VCVE"
          },
          "sensitive_attributes": [],
          "private": "bnVsbA==",
          "dependencies": [
            "module.ml-pipeline.data.aws_iam_policy_document.sagemaker_assume_role"
          ]
        }
      ]
    },
    {
      "module": "module.ml-pipeline",
      "mode": "managed",
      "type": "aws_iam_role",
      "name": "sf_exec_role",
      "provider": "provider[\"registry.terraform.io/hashicorp/aws\"]",
      "instances": [
        {
          "schema_version": 0,
          "attributes": {
            "arn": "arn:aws:iam::282095691823:role/ai-content-detector-terraform-sfn-exec",
            "assume_role_policy": "{\"Statement\":[{\"Action\":\"sts:AssumeRole\",\"Effect\":\"Allow\",\"Principal\":{\"Service\":\"states.ap-southeast-2.amazonaws.com\"}},{\"Action\":\"sts:AssumeRole\",\"Effect\":\"Allow\",\"Principal\":{\"Service\":\"events.amazonaws.com\"}}],\"Version\":\"2012-10-17\"}",
            "create_date": "2023-08-15T10:11:24Z",
            "description": "",
            "force_detach_policies": false,
            "id": "ai-content-detector-terraform-sfn-exec",
            "inline_policy": [],
            "managed_policy_arns": [
              "arn:aws:iam::282095691823:policy/ai-content-detector-terraform-lambda-invoke",
              "arn:aws:iam::282095691823:policy/ai-content-detector-terraform-sagemaker",
              "arn:aws:iam::aws:policy/CloudWatchFullAccess"
            ],
            "max_session_duration": 3600,
            "name": "ai-content-detector-terraform-sfn-exec",
            "name_prefix": "",
            "path": "/",
            "permissions_boundary": null,
            "tags": {},
            "tags_all": {},
            "unique_id": "AROAUDLRWVAXWQQ6224H7"
          },
          "sensitive_attributes": [],
          "private": "bnVsbA==",
          "dependencies": [
            "module.ml-pipeline.data.aws_iam_policy_document.sf_assume_role",
            "module.ml-pipeline.data.aws_region.current"
          ]
        }
      ]
    },
    {
      "module": "module.ml-pipeline",
      "mode": "managed",
      "type": "aws_iam_role_policy_attachment",
      "name": "cloud_watch_full_access",
      "provider": "provider[\"registry.terraform.io/hashicorp/aws\"]",
      "instances": [
        {
          "schema_version": 0,
          "attributes": {
            "id": "ai-content-detector-terraform-sfn-exec-20230815101125511600000002",
            "policy_arn": "arn:aws:iam::aws:policy/CloudWatchFullAccess",
            "role": "ai-content-detector-terraform-sfn-exec"
          },
          "sensitive_attributes": [],
          "private": "bnVsbA==",
          "dependencies": [
            "module.ml-pipeline.aws_iam_role.sf_exec_role",
            "module.ml-pipeline.data.aws_iam_policy_document.sf_assume_role",
            "module.ml-pipeline.data.aws_region.current"
          ]
        }
      ]
    },
    {
      "module": "module.ml-pipeline",
      "mode": "managed",
      "type": "aws_iam_role_policy_attachment",
      "name": "lambda_invoke",
      "provider": "provider[\"registry.terraform.io/hashicorp/aws\"]",
      "instances": [
        {
          "schema_version": 0,
          "attributes": {
            "id": "ai-content-detector-terraform-sfn-exec-20230815101139494100000005",
            "policy_arn": "arn:aws:iam::282095691823:policy/ai-content-detector-terraform-lambda-invoke",
            "role": "ai-content-detector-terraform-sfn-exec"
          },
          "sensitive_attributes": [],
          "private": "bnVsbA==",
          "dependencies": [
            "module.ml-pipeline.aws_iam_policy.lambda_invoke",
            "module.ml-pipeline.aws_iam_role.lambda-role",
            "module.ml-pipeline.aws_iam_role.sf_exec_role",
            "module.ml-pipeline.aws_lambda_function.lambda_function",
            "module.ml-pipeline.data.archive_file.lambda_zip",
            "module.ml-pipeline.data.aws_iam_policy_document.lambda_invoke",
            "module.ml-pipeline.data.aws_iam_policy_document.sf_assume_role",
            "module.ml-pipeline.data.aws_region.current"
          ]
        }
      ]
    },
    {
      "module": "module.ml-pipeline",
      "mode": "managed",
      "type": "aws_iam_role_policy_attachment",
      "name": "s3_restricted_access",
      "provider": "provider[\"registry.terraform.io/hashicorp/aws\"]",
      "instances": [
        {
          "schema_version": 0,
          "attributes": {
            "id": "ai-content-detector-terraform-sagemaker-exec-20230815101126656500000004",
            "policy_arn": "arn:aws:iam::282095691823:policy/ai-content-detector-terraform-sagemaker-s3-policy",
            "role": "ai-content-detector-terraform-sagemaker-exec"
          },
          "sensitive_attributes": [],
          "private": "bnVsbA==",
          "dependencies": [
            "data.aws_caller_identity.current",
            "module.ml-pipeline.aws_iam_policy.sagemaker_s3_policy",
            "module.ml-pipeline.aws_iam_role.sagemaker_exec_role",
            "module.ml-pipeline.aws_s3_bucket.bucket_output_models",
            "module.ml-pipeline.aws_s3_bucket.bucket_training_data",
            "module.ml-pipeline.data.aws_iam_policy_document.sagemaker_assume_role"
          ]
        }
      ]
    },
    {
      "module": "module.ml-pipeline",
      "mode": "managed",
      "type": "aws_iam_role_policy_attachment",
      "name": "sagemaker_full_access",
      "provider": "provider[\"registry.terraform.io/hashicorp/aws\"]",
      "instances": [
        {
          "schema_version": 0,
          "attributes": {
            "id": "ai-content-detector-terraform-sagemaker-exec-20230815101125490600000001",
            "policy_arn": "arn:aws:iam::aws:policy/AmazonSageMakerFullAccess",
            "role": "ai-content-detector-terraform-sagemaker-exec"
          },
          "sensitive_attributes": [],
          "private": "bnVsbA==",
          "dependencies": [
            "module.ml-pipeline.aws_iam_role.sagemaker_exec_role",
            "module.ml-pipeline.data.aws_iam_policy_document.sagemaker_assume_role"
          ]
        }
      ]
    },
    {
      "module": "module.ml-pipeline",
      "mode": "managed",
      "type": "aws_iam_role_policy_attachment",
      "name": "sm_invoke",
      "provider": "provider[\"registry.terraform.io/hashicorp/aws\"]",
      "instances": [
        {
          "schema_version": 0,
          "attributes": {
            "id": "ai-content-detector-terraform-sfn-exec-20230815101125513000000003",
            "policy_arn": "arn:aws:iam::282095691823:policy/ai-content-detector-terraform-sagemaker",
            "role": "ai-content-detector-terraform-sfn-exec"
          },
          "sensitive_attributes": [],
          "private": "bnVsbA==",
          "dependencies": [
            "module.ml-pipeline.aws_iam_policy.sagemaker_policy",
            "module.ml-pipeline.aws_iam_role.sf_exec_role",
            "module.ml-pipeline.data.aws_iam_policy_document.sf_assume_role",
            "module.ml-pipeline.data.aws_region.current"
          ]
        }
      ]
    },
    {
      "module": "module.ml-pipeline",
      "mode": "managed",
      "type": "aws_lambda_function",
      "name": "lambda_function",
      "provider": "provider[\"registry.terraform.io/hashicorp/aws\"]",
      "instances": [
        {
          "schema_version": 0,
          "attributes": {
            "architectures": [
              "x86_64"
            ],
            "arn": "arn:aws:lambda:ap-southeast-2:282095691823:function:config-ai-content-detector-terraform",
            "code_signing_config_arn": "",
            "dead_letter_config": [],
            "description": "",
            "environment": [],
            "ephemeral_storage": [
              {
                "size": 512
              }
            ],
            "file_system_config": [],
            "filename": "../../lambda_function.zip",
            "function_name": "config-ai-content-detector-terraform",
            "handler": "config_lambda.lambda_handler",
            "id": "config-ai-content-detector-terraform",
            "image_config": [],
            "image_uri": "",
            "invoke_arn": "arn:aws:apigateway:ap-southeast-2:lambda:path/2015-03-31/functions/arn:aws:lambda:ap-southeast-2:282095691823:function:config-ai-content-detector-terraform/invocations",
            "kms_key_arn": "",
            "last_modified": "2023-08-15T10:11:33.341+0000",
            "layers": [],
            "memory_size": 128,
            "package_type": "Zip",
            "publish": false,
            "qualified_arn": "arn:aws:lambda:ap-southeast-2:282095691823:function:config-ai-content-detector-terraform:$LATEST",
            "qualified_invoke_arn": "arn:aws:apigateway:ap-southeast-2:lambda:path/2015-03-31/functions/arn:aws:lambda:ap-southeast-2:282095691823:function:config-ai-content-detector-terraform:$LATEST/invocations",
            "replace_security_groups_on_destroy": null,
            "replacement_security_group_ids": null,
            "reserved_concurrent_executions": -1,
            "role": "arn:aws:iam::282095691823:role/config-ai-content-detector-terraform-role",
            "runtime": "python3.8",
            "s3_bucket": null,
            "s3_key": null,
            "s3_object_version": null,
            "signing_job_arn": "",
            "signing_profile_version_arn": "",
            "skip_destroy": false,
            "snap_start": [],
            "source_code_hash": "3kVmvm3HZi882cw6Y1FXcHjtWSfO+d09Z7LkqEqTuo4=",
            "source_code_size": 300,
            "tags": {},
            "tags_all": {},
            "timeout": 200,
            "timeouts": null,
            "tracing_config": [
              {
                "mode": "PassThrough"
              }
            ],
            "version": "$LATEST",
            "vpc_config": []
          },
          "sensitive_attributes": [],
          "private": "eyJlMmJmYjczMC1lY2FhLTExZTYtOGY4OC0zNDM2M2JjN2M0YzAiOnsiY3JlYXRlIjo2MDAwMDAwMDAwMDAsImRlbGV0ZSI6NjAwMDAwMDAwMDAwLCJ1cGRhdGUiOjYwMDAwMDAwMDAwMH19",
          "dependencies": [
            "module.ml-pipeline.aws_iam_role.lambda-role",
            "module.ml-pipeline.data.archive_file.lambda_zip"
          ]
        }
      ]
    },
    {
      "module": "module.ml-pipeline",
      "mode": "managed",
      "type": "aws_s3_bucket",
      "name": "bucket_output_models",
      "provider": "provider[\"registry.terraform.io/hashicorp/aws\"]",
      "instances": [
        {
          "schema_version": 0,
          "attributes": {
            "acceleration_status": "",
            "acl": null,
            "arn": "arn:aws:s3:::ai-content-detector-terraform-output-models-282095691823",
            "bucket": "ai-content-detector-terraform-output-models-282095691823",
            "bucket_domain_name": "ai-content-detector-terraform-output-models-282095691823.s3.amazonaws.com",
            "bucket_prefix": "",
            "bucket_regional_domain_name": "ai-content-detector-terraform-output-models-282095691823.s3.ap-southeast-2.amazonaws.com",
            "cors_rule": [],
            "force_destroy": false,
            "grant": [
              {
                "id": "ed134a66fdf8052cfe08ea27c831126134b6964915587d40e03f61d4fdd83b67",
                "permissions": [
                  "FULL_CONTROL"
                ],
                "type": "CanonicalUser",
                "uri": ""
              }
            ],
            "hosted_zone_id": "Z1WCIGYICN2BYD",
            "id": "ai-content-detector-terraform-output-models-282095691823",
            "lifecycle_rule": [],
            "logging": [],
            "object_lock_configuration": [],
            "object_lock_enabled": false,
            "policy": "",
            "region": "ap-southeast-2",
            "replication_configuration": [],
            "request_payer": "BucketOwner",
            "server_side_encryption_configuration": [
              {
                "rule": [
                  {
                    "apply_server_side_encryption_by_default": [
                      {
                        "kms_master_key_id": "",
                        "sse_algorithm": "AES256"
                      }
                    ],
                    "bucket_key_enabled": false
                  }
                ]
              }
            ],
            "tags": {},
            "tags_all": {},
            "timeouts": null,
            "versioning": [
              {
                "enabled": false,
                "mfa_delete": false
              }
            ],
            "website": [],
            "website_domain": null,
            "website_endpoint": null
          },
          "sensitive_attributes": [],
          "private": "eyJlMmJmYjczMC1lY2FhLTExZTYtOGY4OC0zNDM2M2JjN2M0YzAiOnsiY3JlYXRlIjoxMjAwMDAwMDAwMDAwLCJkZWxldGUiOjM2MDAwMDAwMDAwMDAsInJlYWQiOjEyMDAwMDAwMDAwMDAsInVwZGF0ZSI6MTIwMDAwMDAwMDAwMH19",
          "dependencies": [
            "data.aws_caller_identity.current"
          ]
        }
      ]
    },
    {
      "module": "module.ml-pipeline",
      "mode": "managed",
      "type": "aws_s3_bucket",
      "name": "bucket_training_data",
      "provider": "provider[\"registry.terraform.io/hashicorp/aws\"]",
      "instances": [
        {
          "schema_version": 0,
          "attributes": {
            "acceleration_status": "",
            "acl": null,
            "arn": "arn:aws:s3:::ai-content-detector-terraform-training-data-282095691823",
            "bucket": "ai-content-detector-terraform-training-data-282095691823",
            "bucket_domain_name": "ai-content-detector-terraform-training-data-282095691823.s3.amazonaws.com",
            "bucket_prefix": "",
            "bucket_regional_domain_name": "ai-content-detector-terraform-training-data-282095691823.s3.ap-southeast-2.amazonaws.com",
            "cors_rule": [],
            "force_destroy": false,
            "grant": [
              {
                "id": "ed134a66fdf8052cfe08ea27c831126134b6964915587d40e03f61d4fdd83b67",
                "permissions": [
                  "FULL_CONTROL"
                ],
                "type": "CanonicalUser",
                "uri": ""
              }
            ],
            "hosted_zone_id": "Z1WCIGYICN2BYD",
            "id": "ai-content-detector-terraform-training-data-282095691823",
            "lifecycle_rule": [],
            "logging": [],
            "object_lock_configuration": [],
            "object_lock_enabled": false,
            "policy": "",
            "region": "ap-southeast-2",
            "replication_configuration": [],
            "request_payer": "BucketOwner",
            "server_side_encryption_configuration": [
              {
                "rule": [
                  {
                    "apply_server_side_encryption_by_default": [
                      {
                        "kms_master_key_id": "",
                        "sse_algorithm": "AES256"
                      }
                    ],
                    "bucket_key_enabled": false
                  }
                ]
              }
            ],
            "tags": {},
            "tags_all": {},
            "timeouts": null,
            "versioning": [
              {
                "enabled": false,
                "mfa_delete": false
              }
            ],
            "website": [],
            "website_domain": null,
            "website_endpoint": null
          },
          "sensitive_attributes": [],
          "private": "eyJlMmJmYjczMC1lY2FhLTExZTYtOGY4OC0zNDM2M2JjN2M0YzAiOnsiY3JlYXRlIjoxMjAwMDAwMDAwMDAwLCJkZWxldGUiOjM2MDAwMDAwMDAwMDAsInJlYWQiOjEyMDAwMDAwMDAwMDAsInVwZGF0ZSI6MTIwMDAwMDAwMDAwMH19",
          "dependencies": [
            "data.aws_caller_identity.current"
          ]
        }
      ]
    },
    {
      "module": "module.ml-pipeline",
      "mode": "managed",
      "type": "aws_s3_object",
      "name": "bucket_training_data_files",
      "provider": "provider[\"registry.terraform.io/hashicorp/aws\"]",
      "instances": [
        {
          "index_key": "hf_model/config.json",
          "schema_version": 0,
          "attributes": {
            "acl": null,
            "bucket": "ai-content-detector-terraform-training-data-282095691823",
            "bucket_key_enabled": false,
            "cache_control": "",
            "content": null,
            "content_base64": null,
            "content_disposition": "",
            "content_encoding": "",
            "content_language": "",
            "content_type": "binary/octet-stream",
            "etag": "a53c22291c7f25d5077260ad5ca4d5fa",
            "force_destroy": false,
            "id": "hf_model/config.json",
            "key": "hf_model/config.json",
            "kms_key_id": null,
            "metadata": {},
            "object_lock_legal_hold_status": "",
            "object_lock_mode": "",
            "object_lock_retain_until_date": "",
            "server_side_encryption": "AES256",
            "source": "../../data/hf_model/config.json",
            "source_hash": null,
            "storage_class": "STANDARD",
            "tags": {},
            "tags_all": {},
            "version_id": "",
            "website_redirect": ""
          },
          "sensitive_attributes": [],
          "private": "bnVsbA==",
          "dependencies": [
            "data.aws_caller_identity.current",
            "module.ml-pipeline.aws_s3_bucket.bucket_training_data"
          ]
        },
        {
          "index_key": "hf_model/dict.txt",
          "schema_version": 0,
          "attributes": {
            "acl": null,
            "bucket": "ai-content-detector-terraform-training-data-282095691823",
            "bucket_key_enabled": false,
            "cache_control": "",
            "content": null,
            "content_base64": null,
            "content_disposition": "",
            "content_encoding": "",
            "content_language": "",
            "content_type": "binary/octet-stream",
            "etag": "e2d854270a441bce86e16be185c28761",
            "force_destroy": false,
            "id": "hf_model/dict.txt",
            "key": "hf_model/dict.txt",
            "kms_key_id": null,
            "metadata": {},
            "object_lock_legal_hold_status": "",
            "object_lock_mode": "",
            "object_lock_retain_until_date": "",
            "server_side_encryption": "AES256",
            "source": "../../data/hf_model/dict.txt",
            "source_hash": null,
            "storage_class": "STANDARD",
            "tags": {},
            "tags_all": {},
            "version_id": "",
            "website_redirect": ""
          },
          "sensitive_attributes": [],
          "private": "bnVsbA==",
          "dependencies": [
            "data.aws_caller_identity.current",
            "module.ml-pipeline.aws_s3_bucket.bucket_training_data"
          ]
        },
        {
          "index_key": "hf_model/merges.txt",
          "schema_version": 0,
          "attributes": {
            "acl": null,
            "bucket": "ai-content-detector-terraform-training-data-282095691823",
            "bucket_key_enabled": false,
            "cache_control": "",
            "content": null,
            "content_base64": null,
            "content_disposition": "",
            "content_encoding": "",
            "content_language": "",
            "content_type": "binary/octet-stream",
            "etag": "75a37753dd7a28a2c5df80c28bf06e4e",
            "force_destroy": false,
            "id": "hf_model/merges.txt",
            "key": "hf_model/merges.txt",
            "kms_key_id": null,
            "metadata": {},
            "object_lock_legal_hold_status": "",
            "object_lock_mode": "",
            "object_lock_retain_until_date": "",
            "server_side_encryption": "AES256",
            "source": "../../data/hf_model/merges.txt",
            "source_hash": null,
            "storage_class": "STANDARD",
            "tags": {},
            "tags_all": {},
            "version_id": "",
            "website_redirect": ""
          },
          "sensitive_attributes": [],
          "private": "bnVsbA==",
          "dependencies": [
            "data.aws_caller_identity.current",
            "module.ml-pipeline.aws_s3_bucket.bucket_training_data"
          ]
        },
        {
          "index_key": "hf_model/model.safetensors",
          "schema_version": 0,
          "attributes": {
            "acl": null,
            "bucket": "ai-content-detector-terraform-training-data-282095691823",
            "bucket_key_enabled": false,
            "cache_control": "",
            "content": null,
            "content_base64": null,
            "content_disposition": "",
            "content_encoding": "",
            "content_language": "",
            "content_type": "binary/octet-stream",
            "etag": "eac47257d268666125f29eb632a72a37-96",
            "force_destroy": false,
            "id": "hf_model/model.safetensors",
            "key": "hf_model/model.safetensors",
            "kms_key_id": null,
            "metadata": {},
            "object_lock_legal_hold_status": "",
            "object_lock_mode": "",
            "object_lock_retain_until_date": "",
            "server_side_encryption": "AES256",
            "source": "../../data/hf_model/model.safetensors",
            "source_hash": null,
            "storage_class": "STANDARD",
            "tags": {},
            "tags_all": {},
            "version_id": "",
            "website_redirect": ""
          },
          "sensitive_attributes": [],
          "private": "bnVsbA==",
          "dependencies": [
            "module.ml-pipeline.aws_s3_bucket.bucket_training_data"
          ]
        },
        {
          "index_key": "hf_model/vocab.json",
          "schema_version": 0,
          "attributes": {
            "acl": null,
            "bucket": "ai-content-detector-terraform-training-data-282095691823",
            "bucket_key_enabled": false,
            "cache_control": "",
            "content": null,
            "content_base64": null,
            "content_disposition": "",
            "content_encoding": "",
            "content_language": "",
            "content_type": "binary/octet-stream",
            "etag": "be4d3c6f3f5495426b2c03b334334354",
            "force_destroy": false,
            "id": "hf_model/vocab.json",
            "key": "hf_model/vocab.json",
            "kms_key_id": null,
            "metadata": {},
            "object_lock_legal_hold_status": "",
            "object_lock_mode": "",
            "object_lock_retain_until_date": "",
            "server_side_encryption": "AES256",
            "source": "../../data/hf_model/vocab.json",
            "source_hash": null,
            "storage_class": "STANDARD",
            "tags": {},
            "tags_all": {},
            "version_id": "",
            "website_redirect": ""
          },
          "sensitive_attributes": [],
          "private": "bnVsbA==",
          "dependencies": [
            "data.aws_caller_identity.current",
            "module.ml-pipeline.aws_s3_bucket.bucket_training_data"
          ]
        },
        {
          "index_key": "testing/data-00000-of-00001.arrow",
          "schema_version": 0,
          "attributes": {
            "acl": null,
            "bucket": "ai-content-detector-terraform-training-data-282095691823",
            "bucket_key_enabled": false,
            "cache_control": "",
            "content": null,
            "content_base64": null,
            "content_disposition": "",
            "content_encoding": "",
            "content_language": "",
            "content_type": "binary/octet-stream",
            "etag": "7693c76e51c39dbbf1f69f99d71a127a",
            "force_destroy": false,
            "id": "testing/data-00000-of-00001.arrow",
            "key": "testing/data-00000-of-00001.arrow",
            "kms_key_id": null,
            "metadata": {},
            "object_lock_legal_hold_status": "",
            "object_lock_mode": "",
            "object_lock_retain_until_date": "",
            "server_side_encryption": "AES256",
            "source": "../../data/testing/data-00000-of-00001.arrow",
            "source_hash": null,
            "storage_class": "STANDARD",
            "tags": {},
            "tags_all": {},
            "version_id": "",
            "website_redirect": ""
          },
          "sensitive_attributes": [],
          "private": "bnVsbA==",
          "dependencies": [
            "data.aws_caller_identity.current",
            "module.ml-pipeline.aws_s3_bucket.bucket_training_data"
          ]
        },
        {
          "index_key": "testing/dataset_info.json",
          "schema_version": 0,
          "attributes": {
            "acl": null,
            "bucket": "ai-content-detector-terraform-training-data-282095691823",
            "bucket_key_enabled": false,
            "cache_control": "",
            "content": null,
            "content_base64": null,
            "content_disposition": "",
            "content_encoding": "",
            "content_language": "",
            "content_type": "binary/octet-stream",
            "etag": "7b511c5687083241c09d10033c214624",
            "force_destroy": false,
            "id": "testing/dataset_info.json",
            "key": "testing/dataset_info.json",
            "kms_key_id": null,
            "metadata": {},
            "object_lock_legal_hold_status": "",
            "object_lock_mode": "",
            "object_lock_retain_until_date": "",
            "server_side_encryption": "AES256",
            "source": "../../data/testing/dataset_info.json",
            "source_hash": null,
            "storage_class": "STANDARD",
            "tags": {},
            "tags_all": {},
            "version_id": "",
            "website_redirect": ""
          },
          "sensitive_attributes": [],
          "private": "bnVsbA==",
          "dependencies": [
            "data.aws_caller_identity.current",
            "module.ml-pipeline.aws_s3_bucket.bucket_training_data"
          ]
        },
        {
          "index_key": "testing/state.json",
          "schema_version": 0,
          "attributes": {
            "acl": null,
            "bucket": "ai-content-detector-terraform-training-data-282095691823",
            "bucket_key_enabled": false,
            "cache_control": "",
            "content": null,
            "content_base64": null,
            "content_disposition": "",
            "content_encoding": "",
            "content_language": "",
            "content_type": "binary/octet-stream",
            "etag": "13a23b58dabaf370a5100713ad2aaf1a",
            "force_destroy": false,
            "id": "testing/state.json",
            "key": "testing/state.json",
            "kms_key_id": null,
            "metadata": {},
            "object_lock_legal_hold_status": "",
            "object_lock_mode": "",
            "object_lock_retain_until_date": "",
            "server_side_encryption": "AES256",
            "source": "../../data/testing/state.json",
            "source_hash": null,
            "storage_class": "STANDARD",
            "tags": {},
            "tags_all": {},
            "version_id": "",
            "website_redirect": ""
          },
          "sensitive_attributes": [],
          "private": "bnVsbA==",
          "dependencies": [
            "data.aws_caller_identity.current",
            "module.ml-pipeline.aws_s3_bucket.bucket_training_data"
          ]
        },
        {
          "index_key": "training/data-00000-of-00001.arrow",
          "schema_version": 0,
          "attributes": {
            "acl": null,
            "bucket": "ai-content-detector-terraform-training-data-282095691823",
            "bucket_key_enabled": false,
            "cache_control": "",
            "content": null,
            "content_base64": null,
            "content_disposition": "",
            "content_encoding": "",
            "content_language": "",
            "content_type": "binary/octet-stream",
            "etag": "98eb71fd46f3cc95587d468acb2a6f45",
            "force_destroy": false,
            "id": "training/data-00000-of-00001.arrow",
            "key": "training/data-00000-of-00001.arrow",
            "kms_key_id": null,
            "metadata": {},
            "object_lock_legal_hold_status": "",
            "object_lock_mode": "",
            "object_lock_retain_until_date": "",
            "server_side_encryption": "AES256",
            "source": "../../data/training/data-00000-of-00001.arrow",
            "source_hash": null,
            "storage_class": "STANDARD",
            "tags": {},
            "tags_all": {},
            "version_id": "",
            "website_redirect": ""
          },
          "sensitive_attributes": [],
          "private": "bnVsbA==",
          "dependencies": [
            "data.aws_caller_identity.current",
            "module.ml-pipeline.aws_s3_bucket.bucket_training_data"
          ]
        },
        {
          "index_key": "training/dataset_info.json",
          "schema_version": 0,
          "attributes": {
            "acl": null,
            "bucket": "ai-content-detector-terraform-training-data-282095691823",
            "bucket_key_enabled": false,
            "cache_control": "",
            "content": null,
            "content_base64": null,
            "content_disposition": "",
            "content_encoding": "",
            "content_language": "",
            "content_type": "binary/octet-stream",
            "etag": "7b511c5687083241c09d10033c214624",
            "force_destroy": false,
            "id": "training/dataset_info.json",
            "key": "training/dataset_info.json",
            "kms_key_id": null,
            "metadata": {},
            "object_lock_legal_hold_status": "",
            "object_lock_mode": "",
            "object_lock_retain_until_date": "",
            "server_side_encryption": "AES256",
            "source": "../../data/training/dataset_info.json",
            "source_hash": null,
            "storage_class": "STANDARD",
            "tags": {},
            "tags_all": {},
            "version_id": "",
            "website_redirect": ""
          },
          "sensitive_attributes": [],
          "private": "bnVsbA==",
          "dependencies": [
            "data.aws_caller_identity.current",
            "module.ml-pipeline.aws_s3_bucket.bucket_training_data"
          ]
        },
        {
          "index_key": "training/state.json",
          "schema_version": 0,
          "attributes": {
            "acl": null,
            "bucket": "ai-content-detector-terraform-training-data-282095691823",
            "bucket_key_enabled": false,
            "cache_control": "",
            "content": null,
            "content_base64": null,
            "content_disposition": "",
            "content_encoding": "",
            "content_language": "",
            "content_type": "binary/octet-stream",
            "etag": "d56fa361c05805a930cb2c75f6a0c3d0",
            "force_destroy": false,
            "id": "training/state.json",
            "key": "training/state.json",
            "kms_key_id": null,
            "metadata": {},
            "object_lock_legal_hold_status": "",
            "object_lock_mode": "",
            "object_lock_retain_until_date": "",
            "server_side_encryption": "AES256",
            "source": "../../data/training/state.json",
            "source_hash": null,
            "storage_class": "STANDARD",
            "tags": {},
            "tags_all": {},
            "version_id": "",
            "website_redirect": ""
          },
          "sensitive_attributes": [],
          "private": "bnVsbA==",
          "dependencies": [
            "data.aws_caller_identity.current",
            "module.ml-pipeline.aws_s3_bucket.bucket_training_data"
          ]
        },
        {
          "index_key": "validation/data-00000-of-00001.arrow",
          "schema_version": 0,
          "attributes": {
            "acl": null,
            "bucket": "ai-content-detector-terraform-training-data-282095691823",
            "bucket_key_enabled": false,
            "cache_control": "",
            "content": null,
            "content_base64": null,
            "content_disposition": "",
            "content_encoding": "",
            "content_language": "",
            "content_type": "binary/octet-stream",
            "etag": "d61834c49d8d0f38aa00acdc7fb2d3cd",
            "force_destroy": false,
            "id": "validation/data-00000-of-00001.arrow",
            "key": "validation/data-00000-of-00001.arrow",
            "kms_key_id": null,
            "metadata": {},
            "object_lock_legal_hold_status": "",
            "object_lock_mode": "",
            "object_lock_retain_until_date": "",
            "server_side_encryption": "AES256",
            "source": "../../data/validation/data-00000-of-00001.arrow",
            "source_hash": null,
            "storage_class": "STANDARD",
            "tags": {},
            "tags_all": {},
            "version_id": "",
            "website_redirect": ""
          },
          "sensitive_attributes": [],
          "private": "bnVsbA==",
          "dependencies": [
            "data.aws_caller_identity.current",
            "module.ml-pipeline.aws_s3_bucket.bucket_training_data"
          ]
        },
        {
          "index_key": "validation/dataset_info.json",
          "schema_version": 0,
          "attributes": {
            "acl": null,
            "bucket": "ai-content-detector-terraform-training-data-282095691823",
            "bucket_key_enabled": false,
            "cache_control": "",
            "content": null,
            "content_base64": null,
            "content_disposition": "",
            "content_encoding": "",
            "content_language": "",
            "content_type": "binary/octet-stream",
            "etag": "7b511c5687083241c09d10033c214624",
            "force_destroy": false,
            "id": "validation/dataset_info.json",
            "key": "validation/dataset_info.json",
            "kms_key_id": null,
            "metadata": {},
            "object_lock_legal_hold_status": "",
            "object_lock_mode": "",
            "object_lock_retain_until_date": "",
            "server_side_encryption": "AES256",
            "source": "../../data/validation/dataset_info.json",
            "source_hash": null,
            "storage_class": "STANDARD",
            "tags": {},
            "tags_all": {},
            "version_id": "",
            "website_redirect": ""
          },
          "sensitive_attributes": [],
          "private": "bnVsbA==",
          "dependencies": [
            "data.aws_caller_identity.current",
            "module.ml-pipeline.aws_s3_bucket.bucket_training_data"
          ]
        },
        {
          "index_key": "validation/state.json",
          "schema_version": 0,
          "attributes": {
            "acl": null,
            "bucket": "ai-content-detector-terraform-training-data-282095691823",
            "bucket_key_enabled": false,
            "cache_control": "",
            "content": null,
            "content_base64": null,
            "content_disposition": "",
            "content_encoding": "",
            "content_language": "",
            "content_type": "binary/octet-stream",
            "etag": "b4314ce68d490c2e39af7435d79110ac",
            "force_destroy": false,
            "id": "validation/state.json",
            "key": "validation/state.json",
            "kms_key_id": null,
            "metadata": {},
            "object_lock_legal_hold_status": "",
            "object_lock_mode": "",
            "object_lock_retain_until_date": "",
            "server_side_encryption": "AES256",
            "source": "../../data/validation/state.json",
            "source_hash": null,
            "storage_class": "STANDARD",
            "tags": {},
            "tags_all": {},
            "version_id": "",
            "website_redirect": ""
          },
          "sensitive_attributes": [],
          "private": "bnVsbA==",
          "dependencies": [
            "data.aws_caller_identity.current",
            "module.ml-pipeline.aws_s3_bucket.bucket_training_data"
          ]
        }
      ]
    },
    {
      "module": "module.ml-pipeline",
      "mode": "managed",
      "type": "aws_sfn_state_machine",
      "name": "sfn_state_machine",
      "provider": "provider[\"registry.terraform.io/hashicorp/aws\"]",
      "instances": [
        {
          "schema_version": 0,
          "attributes": {
            "arn": "arn:aws:states:ap-southeast-2:282095691823:stateMachine:ai-content-detector-terraform-state-machine",
            "creation_date": "2023-08-15T11:13:43Z",
            "definition": "{\n\"Comment\": \"An AWS Step Function State Machine to train, build and deploy an Amazon SageMaker model endpoint\",\n\"StartAt\": \"Configuration Lambda\",\n\"States\": {\n  \"Configuration Lambda\": {\n    \"Type\": \"Task\",\n    \"Resource\": \"arn:aws:lambda:ap-southeast-2:282095691823:function:config-ai-content-detector-terraform\",\n    \"Parameters\": {\n      \"PrefixName\": \"ai-content-detector-terraform\",\n      \"input_training_path\": \"$.input_training_path\"\n      },\n    \"Next\": \"Create Training Job\",\n    \"ResultPath\": \"$.training_job_name\"\n    },\n  \"Create Training Job\": {\n    \"Type\": \"Task\",\n    \"Resource\": \"arn:aws:states:::sagemaker:createTrainingJob.sync\",\n    \"Parameters\": {\n      \"TrainingJobName.$\": \"$.training_job_name\",\n      \"ResourceConfig\": {\n        \"InstanceCount\": 1,\n        \"InstanceType\": \"ml.m4.xlarge\",\n        \"VolumeSizeInGB\": 30\n      },\n      \"HyperParameters\": {\n          \"saved_model_dir\": \"/opt/ml/input/data/training/hf_model\",\n          \"datafolder\": \"/opt/ml/input/data/training\",\n          \"output_path\": \"/opt/ml/model\",\n          \"epochs\": \"1\",\n          \"train_batch_size\": \"8\",\n          \"test_batch_size\": \"8\",\n          \"lr\": \"0.00005\",\n          \"seed\": \"42\",\n          \"dropout_rate\": \"0.3\"\n      },\n      \"AlgorithmSpecification\": {\n        \"TrainingImage\": \"282095691823.dkr.ecr.ap-southeast-2.amazonaws.com/ai-content-detector-terraform\",\n        \"TrainingInputMode\": \"File\"\n      },\n      \"OutputDataConfig\": {\n        \"S3OutputPath\": \"s3://ai-content-detector-terraform-output-models-282095691823\"\n      },\n      \"StoppingCondition\": {\n        \"MaxRuntimeInSeconds\": 86400\n      },\n      \"RoleArn\": \"arn:aws:iam::282095691823:role/ai-content-detector-terraform-sagemaker-exec\",\n      \"InputDataConfig\": [\n      {\n        \"ChannelName\": \"training\",\n        \"DataSource\": {\n          \"S3DataSource\": {\n            \"S3DataType\": \"S3Prefix\",\n            \"S3Uri\": \"s3://ai-content-detector-terraform-training-data-282095691823\",\n            \"S3DataDistributionType\": \"FullyReplicated\"\n          }\n        }\n      }\n      ]\n    },\n    \"Next\": \"Create Model\"\n  },\n  \"Create Model\": {\n    \"Parameters\": {\n      \"PrimaryContainer\": {\n        \"Image\": \"282095691823.dkr.ecr.ap-southeast-2.amazonaws.com/ai-content-detector-terraform\",\n        \"Environment\": {},\n        \"ModelDataUrl.$\": \"$.ModelArtifacts.S3ModelArtifacts\"\n      },\n      \"ExecutionRoleArn\": \"arn:aws:iam::282095691823:role/ai-content-detector-terraform-sagemaker-exec\",\n      \"ModelName.$\": \"$.TrainingJobName\"\n    },\n    \"Resource\": \"arn:aws:states:::sagemaker:createModel\",\n    \"Type\": \"Task\",\n    \"ResultPath\":\"$.taskresult\",\n    \"Next\": \"Create Endpoint Config\"\n  },\n  \"Create Endpoint Config\": {\n    \"Type\": \"Task\",\n    \"Resource\": \"arn:aws:states:::sagemaker:createEndpointConfig\",\n    \"Parameters\":{\n      \"EndpointConfigName.$\": \"$.TrainingJobName\",\n      \"ProductionVariants\": [\n      {\n        \"InitialInstanceCount\": 1,\n        \"InstanceType\": \"ml.m4.xlarge\",\n        \"ModelName.$\": \"$.TrainingJobName\",\n        \"VariantName\": \"AllTraffic\"\n      }\n      ]\n    },\n    \"ResultPath\":\"$.taskresult\",\n    \"Next\":\"Create Endpoint\"\n  },\n  \"Create Endpoint\":{\n    \"Type\":\"Task\",\n    \"Resource\":\"arn:aws:states:::sagemaker:createEndpoint\",\n    \"Parameters\":{\n      \"EndpointConfigName.$\": \"$.TrainingJobName\",\n      \"EndpointName.$\": \"$.TrainingJobName\"\n    },\n    \"End\": true\n    }\n  }\n}\n",
            "description": "",
            "id": "arn:aws:states:ap-southeast-2:282095691823:stateMachine:ai-content-detector-terraform-state-machine",
            "logging_configuration": [
              {
                "include_execution_data": false,
                "level": "OFF",
                "log_destination": ""
              }
            ],
            "name": "ai-content-detector-terraform-state-machine",
            "name_prefix": "",
            "publish": false,
            "revision_id": "783474dc-e103-4934-b8ee-f9d19a373e38",
            "role_arn": "arn:aws:iam::282095691823:role/ai-content-detector-terraform-sfn-exec",
            "state_machine_version_arn": "",
            "status": "ACTIVE",
            "tags": {},
            "tags_all": {},
            "timeouts": null,
            "tracing_configuration": [
              {
                "enabled": false
              }
            ],
            "type": "STANDARD",
            "version_description": null
          },
          "sensitive_attributes": [],
          "private": "eyJlMmJmYjczMC1lY2FhLTExZTYtOGY4OC0zNDM2M2JjN2M0YzAiOnsiY3JlYXRlIjozMDAwMDAwMDAwMDAsImRlbGV0ZSI6MzAwMDAwMDAwMDAwLCJ1cGRhdGUiOjYwMDAwMDAwMDAwfX0=",
          "dependencies": [
            "module.ml-pipeline.aws_ecr_repository.ecr_repository",
            "module.ml-pipeline.aws_iam_role.sagemaker_exec_role",
            "module.ml-pipeline.aws_iam_role.sf_exec_role",
            "module.ml-pipeline.aws_lambda_function.lambda_function",
            "module.ml-pipeline.aws_s3_bucket.bucket_output_models",
            "module.ml-pipeline.aws_s3_bucket.bucket_training_data"
          ]
        }
      ]
    }
  ],
  "check_results": null
}
